{
  "version": 4,
  "terraform_version": "1.3.6",
  "serial": 5,
  "lineage": "b31b86cf-e684-48a1-6d56-8f7c1a3cd410",
  "outputs": {},
  "resources": [
    {
      "mode": "managed",
      "type": "aws_instance",
      "name": "ec2",
      "provider": "provider[\"registry.terraform.io/hashicorp/aws\"]",
      "instances": [
        {
          "schema_version": 1,
          "attributes": {
            "ami": "ami-00d8a762cb0c50254",
            "arn": "arn:aws:ec2:us-west-1:048439362064:instance/i-076c92c67c56b97cc",
            "associate_public_ip_address": true,
            "availability_zone": "us-west-1c",
            "capacity_reservation_specification": [
              {
                "capacity_reservation_preference": "open",
                "capacity_reservation_target": []
              }
            ],
            "cpu_core_count": 1,
            "cpu_threads_per_core": 1,
            "credit_specification": [
              {
                "cpu_credits": "standard"
              }
            ],
            "disable_api_termination": false,
            "ebs_block_device": [],
            "ebs_optimized": false,
            "enclave_options": [
              {
                "enabled": false
              }
            ],
            "ephemeral_block_device": [],
            "get_password_data": false,
            "hibernation": false,
            "host_id": null,
            "iam_instance_profile": "",
            "id": "i-076c92c67c56b97cc",
            "instance_initiated_shutdown_behavior": "stop",
            "instance_state": "running",
            "instance_type": "t2.micro",
            "ipv6_address_count": 0,
            "ipv6_addresses": [],
            "key_name": "us-region-key-pair",
            "launch_template": [],
            "metadata_options": [
              {
                "http_endpoint": "enabled",
                "http_put_response_hop_limit": 1,
                "http_tokens": "optional",
                "instance_metadata_tags": "disabled"
              }
            ],
            "monitoring": false,
            "network_interface": [],
            "outpost_arn": "",
            "password_data": "",
            "placement_group": "",
            "placement_partition_number": null,
            "primary_network_interface_id": "eni-04c53094cab99b564",
            "private_dns": "ip-172-31-23-167.us-west-1.compute.internal",
            "private_ip": "172.31.23.167",
            "public_dns": "ec2-54-193-205-113.us-west-1.compute.amazonaws.com",
            "public_ip": "54.193.205.113",
            "root_block_device": [
              {
                "delete_on_termination": true,
                "device_name": "/dev/xvda",
                "encrypted": false,
                "iops": 100,
                "kms_key_id": "",
                "tags": {},
                "throughput": 0,
                "volume_id": "vol-0ee291fbd2eff7ad8",
                "volume_size": 8,
                "volume_type": "gp2"
              }
            ],
            "secondary_private_ips": [],
            "security_groups": [
              "default"
            ],
            "source_dest_check": true,
            "subnet_id": "subnet-0c957a574a5fe4bc5",
            "tags": {
              "Name": "ec2_ins"
            },
            "tags_all": {
              "Name": "ec2_ins"
            },
            "tenancy": "default",
            "timeouts": null,
            "user_data": null,
            "user_data_base64": null,
            "volume_tags": null,
            "vpc_security_group_ids": [
              "sg-04ab2eeed2b162cea"
            ]
          },
          "sensitive_attributes": [],
          "private": "eyJlMmJmYjczMC1lY2FhLTExZTYtOGY4OC0zNDM2M2JjN2M0YzAiOnsiY3JlYXRlIjo2MDAwMDAwMDAwMDAsImRlbGV0ZSI6MTIwMDAwMDAwMDAwMCwidXBkYXRlIjo2MDAwMDAwMDAwMDB9LCJzY2hlbWFfdmVyc2lvbiI6IjEifQ==",
          "dependencies": [
            "aws_key_pair.ec2_keypair"
          ]
        }
      ]
    },
    {
      "mode": "managed",
      "type": "aws_key_pair",
      "name": "ec2_keypair",
      "provider": "provider[\"registry.terraform.io/hashicorp/aws\"]",
      "instances": [
        {
          "schema_version": 1,
          "attributes": {
            "arn": "arn:aws:ec2:us-west-1:048439362064:key-pair/us-region-key-pair",
            "fingerprint": "15:8d:28:c3:45:57:4c:32:4d:3f:e9:9c:ac:c9:5e:36",
            "id": "us-region-key-pair",
            "key_name": "us-region-key-pair",
            "key_name_prefix": "",
            "key_pair_id": "key-029a654ee06539fbd",
            "public_key": "ssh-rsa AAAAB3NzaC1yc2EAAAADAQABAAABgQDpjEuG+9gcaWOI9Sg60WO6g1tgb7hTvpXyt53bG0oqkYuhLHmkI/fJeSI1lPkiTPWVEXwktKIA14gWQJyafFCPxymXIhIYtxrF+aenQLVvSV8l+q4CBmGhx0EeKXWGmrp0OnGFL/FYdONpCLs5p7YaFGx880kL8VJWU4y5k06OSnCoalzActuPBTsrghRaox2W+LUbDb8D+hFch43b8rdzWCyDCYVJ/zho75HONCPGhpbxNobK31dIpBdOwGgVBo5y1MbQecxnDC+o4z/bqet5yq3VfYPqIF3VqbAQ/sy/tUVC5/GEPrpfcQ7zNI6c5/q2StwE9XJV1x7LFqsK6s+3fh29UMD50hBxwkD2pGJA/5HJ9tpAh6fjAc4kCC8onVQjOeN//OwkzZ8SoJ4jkxRE1Lo3hRqwq4XOKLr/1U1jMKvoxHe7xw7zEMwjKf8Rl1lZDfFghiARlDTR71mCdI5roMQ0IgQ3ZS0rS/NIM3muYLL43jE2pA7sw22XNmhhp4k= jasdil@JasDiLMacAir",
            "tags": {},
            "tags_all": {}
          },
          "sensitive_attributes": [],
          "private": "eyJzY2hlbWFfdmVyc2lvbiI6IjEifQ=="
        }
      ]
    }
  ],
  "check_results": null
}
