{
  "version": 4,
  "terraform_version": "1.3.6",
  "serial": 29,
  "lineage": "b31b86cf-e684-48a1-6d56-8f7c1a3cd410",
  "outputs": {},
  "resources": [
    {
      "mode": "managed",
      "type": "aws_key_pair",
      "name": "ec2_keypair",
      "provider": "provider[\"registry.terraform.io/hashicorp/aws\"]",
      "instances": [
        {
          "schema_version": 1,
          "attributes": {
            "arn": "arn:aws:ec2:us-west-1:048439362064:key-pair/us-region-key-pair",
            "fingerprint": "15:8d:28:c3:45:57:4c:32:4d:3f:e9:9c:ac:c9:5e:36",
            "id": "us-region-key-pair",
            "key_name": "us-region-key-pair",
            "key_name_prefix": "",
            "key_pair_id": "key-06649bbb8adbefb0e",
            "public_key": "ssh-rsa AAAAB3NzaC1yc2EAAAADAQABAAABgQDpjEuG+9gcaWOI9Sg60WO6g1tgb7hTvpXyt53bG0oqkYuhLHmkI/fJeSI1lPkiTPWVEXwktKIA14gWQJyafFCPxymXIhIYtxrF+aenQLVvSV8l+q4CBmGhx0EeKXWGmrp0OnGFL/FYdONpCLs5p7YaFGx880kL8VJWU4y5k06OSnCoalzActuPBTsrghRaox2W+LUbDb8D+hFch43b8rdzWCyDCYVJ/zho75HONCPGhpbxNobK31dIpBdOwGgVBo5y1MbQecxnDC+o4z/bqet5yq3VfYPqIF3VqbAQ/sy/tUVC5/GEPrpfcQ7zNI6c5/q2StwE9XJV1x7LFqsK6s+3fh29UMD50hBxwkD2pGJA/5HJ9tpAh6fjAc4kCC8onVQjOeN//OwkzZ8SoJ4jkxRE1Lo3hRqwq4XOKLr/1U1jMKvoxHe7xw7zEMwjKf8Rl1lZDfFghiARlDTR71mCdI5roMQ0IgQ3ZS0rS/NIM3muYLL43jE2pA7sw22XNmhhp4k= jasdil@JasDiLMacAir",
            "tags": {},
            "tags_all": {}
          },
          "sensitive_attributes": [],
          "private": "eyJzY2hlbWFfdmVyc2lvbiI6IjEifQ=="
        }
      ]
    },
    {
      "mode": "managed",
      "type": "github_repository",
      "name": "terraform_repo",
      "provider": "provider[\"registry.terraform.io/integrations/github\"]",
      "instances": [
        {
          "schema_version": 1,
          "attributes": {
            "allow_auto_merge": false,
            "allow_merge_commit": true,
            "allow_rebase_merge": true,
            "allow_squash_merge": true,
            "allow_update_branch": false,
            "archive_on_destroy": null,
            "archived": false,
            "auto_init": null,
            "default_branch": "main",
            "delete_branch_on_merge": false,
            "description": "",
            "etag": "W/\"1d5a2efa6bc80afb5bab209c12a4a8cd27cc5dfa0d370dd6281af7148a5f3e87\"",
            "full_name": "jasjesin/terraform_repo",
            "git_clone_url": "git://github.com/jasjesin/terraform_repo.git",
            "gitignore_template": null,
            "has_downloads": false,
            "has_issues": false,
            "has_projects": false,
            "has_wiki": false,
            "homepage_url": "",
            "html_url": "https://github.com/jasjesin/terraform_repo",
            "http_clone_url": "https://github.com/jasjesin/terraform_repo.git",
            "id": "terraform_repo",
            "ignore_vulnerability_alerts_during_read": null,
            "is_template": false,
            "license_template": null,
            "merge_commit_message": "PR_TITLE",
            "merge_commit_title": "MERGE_MESSAGE",
            "name": "terraform_repo",
            "node_id": "R_kgDOIt8Niw",
            "pages": [],
            "private": true,
            "repo_id": 585043339,
            "security_and_analysis": [],
            "squash_merge_commit_message": "COMMIT_MESSAGES",
            "squash_merge_commit_title": "COMMIT_OR_PR_TITLE",
            "ssh_clone_url": "git@github.com:jasjesin/terraform_repo.git",
            "svn_url": "https://github.com/jasjesin/terraform_repo",
            "template": [],
            "topics": [],
            "visibility": "private",
            "vulnerability_alerts": false
          },
          "sensitive_attributes": [],
          "private": "eyJzY2hlbWFfdmVyc2lvbiI6IjEifQ=="
        }
      ]
    }
  ],
  "check_results": null
}
